// !$*UTF8*$!
{
	archiveVersion = 1;
	classes = {
	};
	objectVersion = 50;
	objects = {

/* Begin PBXBuildFile section */
		546DD41A20F06381006DACB8 /* Entry.mm in Sources */ = {isa = PBXBuildFile; fileRef = 546DD41820F06381006DACB8 /* Entry.mm */; };
		546DD42020F069AA006DACB8 /* librtc_base_generic.a in Frameworks */ = {isa = PBXBuildFile; fileRef = 546DD41B20F069A9006DACB8 /* librtc_base_generic.a */; };
		546DD42120F069AA006DACB8 /* libwebrtc.a in Frameworks */ = {isa = PBXBuildFile; fileRef = 546DD41C20F069A9006DACB8 /* libwebrtc.a */; };
		546DD42220F069AA006DACB8 /* libboringssl.a in Frameworks */ = {isa = PBXBuildFile; fileRef = 546DD41D20F069A9006DACB8 /* libboringssl.a */; };
		546DD42320F069AA006DACB8 /* libhogehoge.a in Frameworks */ = {isa = PBXBuildFile; fileRef = 546DD41E20F069A9006DACB8 /* libhogehoge.a */; };
		546DD42420F069AA006DACB8 /* librtc_base.a in Frameworks */ = {isa = PBXBuildFile; fileRef = 546DD41F20F069A9006DACB8 /* librtc_base.a */; };
		546DD42720F06A21006DACB8 /* Metal.framework in Frameworks */ = {isa = PBXBuildFile; fileRef = 546DD42620F06A20006DACB8 /* Metal.framework */; };
		546DD42920F06A27006DACB8 /* OpenGL.framework in Frameworks */ = {isa = PBXBuildFile; fileRef = 546DD42820F06A27006DACB8 /* OpenGL.framework */; };
		546DD42B20F06A2D006DACB8 /* Security.framework in Frameworks */ = {isa = PBXBuildFile; fileRef = 546DD42A20F06A2D006DACB8 /* Security.framework */; };
		546DD42D20F06A33006DACB8 /* CFNetwork.framework in Frameworks */ = {isa = PBXBuildFile; fileRef = 546DD42C20F06A33006DACB8 /* CFNetwork.framework */; };
		546DD42F20F06A3A006DACB8 /* Foundation.framework in Frameworks */ = {isa = PBXBuildFile; fileRef = 546DD42E20F06A3A006DACB8 /* Foundation.framework */; };
		546DD43120F06A43006DACB8 /* CoreAudio.framework in Frameworks */ = {isa = PBXBuildFile; fileRef = 546DD43020F06A43006DACB8 /* CoreAudio.framework */; };
		546DD43320F06A4B006DACB8 /* AudioToolbox.framework in Frameworks */ = {isa = PBXBuildFile; fileRef = 546DD43220F06A4B006DACB8 /* AudioToolbox.framework */; };
		546DD43520F06A52006DACB8 /* CoreGraphics.framework in Frameworks */ = {isa = PBXBuildFile; fileRef = 546DD43420F06A52006DACB8 /* CoreGraphics.framework */; };
		546DD43720F06A59006DACB8 /* AVFoundation.framework in Frameworks */ = {isa = PBXBuildFile; fileRef = 546DD43620F06A59006DACB8 /* AVFoundation.framework */; };
		546DD43920F06A5F006DACB8 /* CoreMedia.framework in Frameworks */ = {isa = PBXBuildFile; fileRef = 546DD43820F06A5F006DACB8 /* CoreMedia.framework */; };
		546DD43B20F06A67006DACB8 /* CoreVideo.framework in Frameworks */ = {isa = PBXBuildFile; fileRef = 546DD43A20F06A67006DACB8 /* CoreVideo.framework */; };
		546DD44120F081A7006DACB8 /* TakPeerConnectionFactory.mm in Sources */ = {isa = PBXBuildFile; fileRef = 546DD43F20F081A7006DACB8 /* TakPeerConnectionFactory.mm */; };
		546DD44420F083ED006DACB8 /* TakIceServer.mm in Sources */ = {isa = PBXBuildFile; fileRef = 546DD44220F083ED006DACB8 /* TakIceServer.mm */; };
		546DD44720F085C1006DACB8 /* TakConstraint.mm in Sources */ = {isa = PBXBuildFile; fileRef = 546DD44520F085C1006DACB8 /* TakConstraint.mm */; };
		546DD44D20F08E37006DACB8 /* TakMediaStream.mm in Sources */ = {isa = PBXBuildFile; fileRef = 546DD44B20F08E37006DACB8 /* TakMediaStream.mm */; };
/* End PBXBuildFile section */

/* Begin PBXFileReference section */
		546DD40A20F0626E006DACB8 /* UnityWebrtcPlugin.bundle */ = {isa = PBXFileReference; explicitFileType = wrapper.cfbundle; includeInIndex = 0; path = UnityWebrtcPlugin.bundle; sourceTree = BUILT_PRODUCTS_DIR; };
		546DD40D20F0626E006DACB8 /* Info.plist */ = {isa = PBXFileReference; lastKnownFileType = text.plist.xml; path = Info.plist; sourceTree = "<group>"; };
		546DD41820F06381006DACB8 /* Entry.mm */ = {isa = PBXFileReference; lastKnownFileType = sourcecode.cpp.objcpp; path = Entry.mm; sourceTree = "<group>"; };
		546DD41920F06381006DACB8 /* Entry.hpp */ = {isa = PBXFileReference; lastKnownFileType = sourcecode.cpp.h; path = Entry.hpp; sourceTree = "<group>"; };
		546DD41B20F069A9006DACB8 /* librtc_base_generic.a */ = {isa = PBXFileReference; lastKnownFileType = archive.ar; path = librtc_base_generic.a; sourceTree = "<group>"; };
		546DD41C20F069A9006DACB8 /* libwebrtc.a */ = {isa = PBXFileReference; lastKnownFileType = archive.ar; path = libwebrtc.a; sourceTree = "<group>"; };
		546DD41D20F069A9006DACB8 /* libboringssl.a */ = {isa = PBXFileReference; lastKnownFileType = archive.ar; path = libboringssl.a; sourceTree = "<group>"; };
		546DD41E20F069A9006DACB8 /* libhogehoge.a */ = {isa = PBXFileReference; lastKnownFileType = archive.ar; path = libhogehoge.a; sourceTree = "<group>"; };
		546DD41F20F069A9006DACB8 /* librtc_base.a */ = {isa = PBXFileReference; lastKnownFileType = archive.ar; path = librtc_base.a; sourceTree = "<group>"; };
		546DD42620F06A20006DACB8 /* Metal.framework */ = {isa = PBXFileReference; lastKnownFileType = wrapper.framework; name = Metal.framework; path = System/Library/Frameworks/Metal.framework; sourceTree = SDKROOT; };
		546DD42820F06A27006DACB8 /* OpenGL.framework */ = {isa = PBXFileReference; lastKnownFileType = wrapper.framework; name = OpenGL.framework; path = System/Library/Frameworks/OpenGL.framework; sourceTree = SDKROOT; };
		546DD42A20F06A2D006DACB8 /* Security.framework */ = {isa = PBXFileReference; lastKnownFileType = wrapper.framework; name = Security.framework; path = System/Library/Frameworks/Security.framework; sourceTree = SDKROOT; };
		546DD42C20F06A33006DACB8 /* CFNetwork.framework */ = {isa = PBXFileReference; lastKnownFileType = wrapper.framework; name = CFNetwork.framework; path = System/Library/Frameworks/CFNetwork.framework; sourceTree = SDKROOT; };
		546DD42E20F06A3A006DACB8 /* Foundation.framework */ = {isa = PBXFileReference; lastKnownFileType = wrapper.framework; name = Foundation.framework; path = System/Library/Frameworks/Foundation.framework; sourceTree = SDKROOT; };
		546DD43020F06A43006DACB8 /* CoreAudio.framework */ = {isa = PBXFileReference; lastKnownFileType = wrapper.framework; name = CoreAudio.framework; path = System/Library/Frameworks/CoreAudio.framework; sourceTree = SDKROOT; };
		546DD43220F06A4B006DACB8 /* AudioToolbox.framework */ = {isa = PBXFileReference; lastKnownFileType = wrapper.framework; name = AudioToolbox.framework; path = System/Library/Frameworks/AudioToolbox.framework; sourceTree = SDKROOT; };
		546DD43420F06A52006DACB8 /* CoreGraphics.framework */ = {isa = PBXFileReference; lastKnownFileType = wrapper.framework; name = CoreGraphics.framework; path = System/Library/Frameworks/CoreGraphics.framework; sourceTree = SDKROOT; };
		546DD43620F06A59006DACB8 /* AVFoundation.framework */ = {isa = PBXFileReference; lastKnownFileType = wrapper.framework; name = AVFoundation.framework; path = System/Library/Frameworks/AVFoundation.framework; sourceTree = SDKROOT; };
		546DD43820F06A5F006DACB8 /* CoreMedia.framework */ = {isa = PBXFileReference; lastKnownFileType = wrapper.framework; name = CoreMedia.framework; path = System/Library/Frameworks/CoreMedia.framework; sourceTree = SDKROOT; };
		546DD43A20F06A67006DACB8 /* CoreVideo.framework */ = {isa = PBXFileReference; lastKnownFileType = wrapper.framework; name = CoreVideo.framework; path = System/Library/Frameworks/CoreVideo.framework; sourceTree = SDKROOT; };
		546DD43F20F081A7006DACB8 /* TakPeerConnectionFactory.mm */ = {isa = PBXFileReference; lastKnownFileType = sourcecode.cpp.objcpp; path = TakPeerConnectionFactory.mm; sourceTree = "<group>"; };
		546DD44020F081A7006DACB8 /* TakPeerConnectionFactory.hpp */ = {isa = PBXFileReference; lastKnownFileType = sourcecode.cpp.h; path = TakPeerConnectionFactory.hpp; sourceTree = "<group>"; };
		546DD44220F083ED006DACB8 /* TakIceServer.mm */ = {isa = PBXFileReference; lastKnownFileType = sourcecode.cpp.objcpp; path = TakIceServer.mm; sourceTree = "<group>"; };
		546DD44320F083ED006DACB8 /* TakIceServer.hpp */ = {isa = PBXFileReference; lastKnownFileType = sourcecode.cpp.h; path = TakIceServer.hpp; sourceTree = "<group>"; };
		546DD44520F085C1006DACB8 /* TakConstraint.mm */ = {isa = PBXFileReference; lastKnownFileType = sourcecode.cpp.objcpp; path = TakConstraint.mm; sourceTree = "<group>"; };
		546DD44620F085C1006DACB8 /* TakConstraint.hpp */ = {isa = PBXFileReference; lastKnownFileType = sourcecode.cpp.h; path = TakConstraint.hpp; sourceTree = "<group>"; };
		546DD44B20F08E37006DACB8 /* TakMediaStream.mm */ = {isa = PBXFileReference; lastKnownFileType = sourcecode.cpp.objcpp; path = TakMediaStream.mm; sourceTree = "<group>"; };
		546DD44C20F08E37006DACB8 /* TakMediaStream.hpp */ = {isa = PBXFileReference; lastKnownFileType = sourcecode.cpp.h; path = TakMediaStream.hpp; sourceTree = "<group>"; };
/* End PBXFileReference section */

/* Begin PBXFrameworksBuildPhase section */
		546DD40720F0626E006DACB8 /* Frameworks */ = {
			isa = PBXFrameworksBuildPhase;
			buildActionMask = 2147483647;
			files = (
				546DD43B20F06A67006DACB8 /* CoreVideo.framework in Frameworks */,
				546DD43920F06A5F006DACB8 /* CoreMedia.framework in Frameworks */,
				546DD43720F06A59006DACB8 /* AVFoundation.framework in Frameworks */,
				546DD43520F06A52006DACB8 /* CoreGraphics.framework in Frameworks */,
				546DD43320F06A4B006DACB8 /* AudioToolbox.framework in Frameworks */,
				546DD43120F06A43006DACB8 /* CoreAudio.framework in Frameworks */,
				546DD42F20F06A3A006DACB8 /* Foundation.framework in Frameworks */,
				546DD42D20F06A33006DACB8 /* CFNetwork.framework in Frameworks */,
				546DD42B20F06A2D006DACB8 /* Security.framework in Frameworks */,
				546DD42920F06A27006DACB8 /* OpenGL.framework in Frameworks */,
				546DD42720F06A21006DACB8 /* Metal.framework in Frameworks */,
				546DD42420F069AA006DACB8 /* librtc_base.a in Frameworks */,
				546DD42120F069AA006DACB8 /* libwebrtc.a in Frameworks */,
				546DD42320F069AA006DACB8 /* libhogehoge.a in Frameworks */,
				546DD42020F069AA006DACB8 /* librtc_base_generic.a in Frameworks */,
				546DD42220F069AA006DACB8 /* libboringssl.a in Frameworks */,
			);
			runOnlyForDeploymentPostprocessing = 0;
		};
/* End PBXFrameworksBuildPhase section */

/* Begin PBXGroup section */
		546DD40120F0626E006DACB8 = {
			isa = PBXGroup;
			children = (
				546DD41D20F069A9006DACB8 /* libboringssl.a */,
				546DD41E20F069A9006DACB8 /* libhogehoge.a */,
				546DD41B20F069A9006DACB8 /* librtc_base_generic.a */,
				546DD41F20F069A9006DACB8 /* librtc_base.a */,
				546DD41C20F069A9006DACB8 /* libwebrtc.a */,
				546DD40C20F0626E006DACB8 /* UnityWebrtcPlugin */,
				546DD40B20F0626E006DACB8 /* Products */,
				546DD42520F06A20006DACB8 /* Frameworks */,
			);
			sourceTree = "<group>";
		};
		546DD40B20F0626E006DACB8 /* Products */ = {
			isa = PBXGroup;
			children = (
				546DD40A20F0626E006DACB8 /* UnityWebrtcPlugin.bundle */,
			);
			name = Products;
			sourceTree = "<group>";
		};
		546DD40C20F0626E006DACB8 /* UnityWebrtcPlugin */ = {
			isa = PBXGroup;
			children = (
				546DD40D20F0626E006DACB8 /* Info.plist */,
				546DD41820F06381006DACB8 /* Entry.mm */,
				546DD41920F06381006DACB8 /* Entry.hpp */,
				546DD43F20F081A7006DACB8 /* TakPeerConnectionFactory.mm */,
				546DD44020F081A7006DACB8 /* TakPeerConnectionFactory.hpp */,
				546DD44220F083ED006DACB8 /* TakIceServer.mm */,
				546DD44320F083ED006DACB8 /* TakIceServer.hpp */,
				546DD44520F085C1006DACB8 /* TakConstraint.mm */,
				546DD44620F085C1006DACB8 /* TakConstraint.hpp */,
				546DD44B20F08E37006DACB8 /* TakMediaStream.mm */,
				546DD44C20F08E37006DACB8 /* TakMediaStream.hpp */,
			);
			path = UnityWebrtcPlugin;
			sourceTree = "<group>";
		};
		546DD42520F06A20006DACB8 /* Frameworks */ = {
			isa = PBXGroup;
			children = (
				546DD43A20F06A67006DACB8 /* CoreVideo.framework */,
				546DD43820F06A5F006DACB8 /* CoreMedia.framework */,
				546DD43620F06A59006DACB8 /* AVFoundation.framework */,
				546DD43420F06A52006DACB8 /* CoreGraphics.framework */,
				546DD43220F06A4B006DACB8 /* AudioToolbox.framework */,
				546DD43020F06A43006DACB8 /* CoreAudio.framework */,
				546DD42E20F06A3A006DACB8 /* Foundation.framework */,
				546DD42C20F06A33006DACB8 /* CFNetwork.framework */,
				546DD42A20F06A2D006DACB8 /* Security.framework */,
				546DD42820F06A27006DACB8 /* OpenGL.framework */,
				546DD42620F06A20006DACB8 /* Metal.framework */,
			);
			name = Frameworks;
			sourceTree = "<group>";
		};
/* End PBXGroup section */

/* Begin PBXNativeTarget section */
		546DD40920F0626E006DACB8 /* UnityWebrtcPlugin */ = {
			isa = PBXNativeTarget;
			buildConfigurationList = 546DD41020F0626E006DACB8 /* Build configuration list for PBXNativeTarget "UnityWebrtcPlugin" */;
			buildPhases = (
				546DD40620F0626E006DACB8 /* Sources */,
				546DD40720F0626E006DACB8 /* Frameworks */,
				546DD40820F0626E006DACB8 /* Resources */,
			);
			buildRules = (
			);
			dependencies = (
			);
			name = UnityWebrtcPlugin;
			productName = UnityWebrtcPlugin;
			productReference = 546DD40A20F0626E006DACB8 /* UnityWebrtcPlugin.bundle */;
			productType = "com.apple.product-type.bundle";
		};
/* End PBXNativeTarget section */

/* Begin PBXProject section */
		546DD40220F0626E006DACB8 /* Project object */ = {
			isa = PBXProject;
			attributes = {
				LastUpgradeCheck = 0940;
				ORGANIZATIONNAME = taktod;
				TargetAttributes = {
					546DD40920F0626E006DACB8 = {
						CreatedOnToolsVersion = 9.4.1;
					};
				};
			};
			buildConfigurationList = 546DD40520F0626E006DACB8 /* Build configuration list for PBXProject "UnityWebrtcPlugin" */;
			compatibilityVersion = "Xcode 9.3";
			developmentRegion = en;
			hasScannedForEncodings = 0;
			knownRegions = (
				en,
			);
			mainGroup = 546DD40120F0626E006DACB8;
			productRefGroup = 546DD40B20F0626E006DACB8 /* Products */;
			projectDirPath = "";
			projectRoot = "";
			targets = (
				546DD40920F0626E006DACB8 /* UnityWebrtcPlugin */,
			);
		};
/* End PBXProject section */

/* Begin PBXResourcesBuildPhase section */
		546DD40820F0626E006DACB8 /* Resources */ = {
			isa = PBXResourcesBuildPhase;
			buildActionMask = 2147483647;
			files = (
			);
			runOnlyForDeploymentPostprocessing = 0;
		};
/* End PBXResourcesBuildPhase section */

/* Begin PBXSourcesBuildPhase section */
		546DD40620F0626E006DACB8 /* Sources */ = {
			isa = PBXSourcesBuildPhase;
			buildActionMask = 2147483647;
			files = (
				546DD44420F083ED006DACB8 /* TakIceServer.mm in Sources */,
				546DD41A20F06381006DACB8 /* Entry.mm in Sources */,
				546DD44120F081A7006DACB8 /* TakPeerConnectionFactory.mm in Sources */,
				546DD44D20F08E37006DACB8 /* TakMediaStream.mm in Sources */,
				546DD44720F085C1006DACB8 /* TakConstraint.mm in Sources */,
			);
			runOnlyForDeploymentPostprocessing = 0;
		};
/* End PBXSourcesBuildPhase section */

/* Begin XCBuildConfiguration section */
		546DD40E20F0626E006DACB8 /* Debug */ = {
			isa = XCBuildConfiguration;
			buildSettings = {
				ALWAYS_SEARCH_USER_PATHS = NO;
				CLANG_ANALYZER_NONNULL = YES;
				CLANG_ANALYZER_NUMBER_OBJECT_CONVERSION = YES_AGGRESSIVE;
				CLANG_CXX_LANGUAGE_STANDARD = "gnu++14";
				CLANG_CXX_LIBRARY = "libc++";
				CLANG_ENABLE_MODULES = YES;
				CLANG_ENABLE_OBJC_ARC = YES;
				CLANG_ENABLE_OBJC_WEAK = YES;
				CLANG_WARN_BLOCK_CAPTURE_AUTORELEASING = YES;
				CLANG_WARN_BOOL_CONVERSION = YES;
				CLANG_WARN_COMMA = YES;
				CLANG_WARN_CONSTANT_CONVERSION = YES;
				CLANG_WARN_DEPRECATED_OBJC_IMPLEMENTATIONS = YES;
				CLANG_WARN_DIRECT_OBJC_ISA_USAGE = YES_ERROR;
				CLANG_WARN_DOCUMENTATION_COMMENTS = YES;
				CLANG_WARN_EMPTY_BODY = YES;
				CLANG_WARN_ENUM_CONVERSION = YES;
				CLANG_WARN_INFINITE_RECURSION = YES;
				CLANG_WARN_INT_CONVERSION = YES;
				CLANG_WARN_NON_LITERAL_NULL_CONVERSION = YES;
				CLANG_WARN_OBJC_IMPLICIT_RETAIN_SELF = YES;
				CLANG_WARN_OBJC_LITERAL_CONVERSION = YES;
				CLANG_WARN_OBJC_ROOT_CLASS = YES_ERROR;
				CLANG_WARN_RANGE_LOOP_ANALYSIS = YES;
				CLANG_WARN_STRICT_PROTOTYPES = YES;
				CLANG_WARN_SUSPICIOUS_MOVE = YES;
				CLANG_WARN_UNGUARDED_AVAILABILITY = YES_AGGRESSIVE;
				CLANG_WARN_UNREACHABLE_CODE = YES;
				CLANG_WARN__DUPLICATE_METHOD_MATCH = YES;
				CODE_SIGN_IDENTITY = "-";
				COPY_PHASE_STRIP = NO;
				DEBUG_INFORMATION_FORMAT = dwarf;
				ENABLE_STRICT_OBJC_MSGSEND = YES;
				ENABLE_TESTABILITY = YES;
				GCC_C_LANGUAGE_STANDARD = gnu11;
				GCC_DYNAMIC_NO_PIC = NO;
				GCC_NO_COMMON_BLOCKS = YES;
				GCC_OPTIMIZATION_LEVEL = 0;
				GCC_PREPROCESSOR_DEFINITIONS = (
					"DEBUG=1",
					"$(inherited)",
				);
				GCC_WARN_64_TO_32_BIT_CONVERSION = YES;
				GCC_WARN_ABOUT_RETURN_TYPE = YES_ERROR;
				GCC_WARN_UNDECLARED_SELECTOR = YES;
				GCC_WARN_UNINITIALIZED_AUTOS = YES_AGGRESSIVE;
				GCC_WARN_UNUSED_FUNCTION = YES;
				GCC_WARN_UNUSED_VARIABLE = YES;
				MACOSX_DEPLOYMENT_TARGET = 10.13;
				MTL_ENABLE_DEBUG_INFO = YES;
				ONLY_ACTIVE_ARCH = YES;
				SDKROOT = macosx;
			};
			name = Debug;
		};
		546DD40F20F0626E006DACB8 /* Release */ = {
			isa = XCBuildConfiguration;
			buildSettings = {
				ALWAYS_SEARCH_USER_PATHS = NO;
				CLANG_ANALYZER_NONNULL = YES;
				CLANG_ANALYZER_NUMBER_OBJECT_CONVERSION = YES_AGGRESSIVE;
				CLANG_CXX_LANGUAGE_STANDARD = "gnu++14";
				CLANG_CXX_LIBRARY = "libc++";
				CLANG_ENABLE_MODULES = YES;
				CLANG_ENABLE_OBJC_ARC = YES;
				CLANG_ENABLE_OBJC_WEAK = YES;
				CLANG_WARN_BLOCK_CAPTURE_AUTORELEASING = YES;
				CLANG_WARN_BOOL_CONVERSION = YES;
				CLANG_WARN_COMMA = YES;
				CLANG_WARN_CONSTANT_CONVERSION = YES;
				CLANG_WARN_DEPRECATED_OBJC_IMPLEMENTATIONS = YES;
				CLANG_WARN_DIRECT_OBJC_ISA_USAGE = YES_ERROR;
				CLANG_WARN_DOCUMENTATION_COMMENTS = YES;
				CLANG_WARN_EMPTY_BODY = YES;
				CLANG_WARN_ENUM_CONVERSION = YES;
				CLANG_WARN_INFINITE_RECURSION = YES;
				CLANG_WARN_INT_CONVERSION = YES;
				CLANG_WARN_NON_LITERAL_NULL_CONVERSION = YES;
				CLANG_WARN_OBJC_IMPLICIT_RETAIN_SELF = YES;
				CLANG_WARN_OBJC_LITERAL_CONVERSION = YES;
				CLANG_WARN_OBJC_ROOT_CLASS = YES_ERROR;
				CLANG_WARN_RANGE_LOOP_ANALYSIS = YES;
				CLANG_WARN_STRICT_PROTOTYPES = YES;
				CLANG_WARN_SUSPICIOUS_MOVE = YES;
				CLANG_WARN_UNGUARDED_AVAILABILITY = YES_AGGRESSIVE;
				CLANG_WARN_UNREACHABLE_CODE = YES;
				CLANG_WARN__DUPLICATE_METHOD_MATCH = YES;
				CODE_SIGN_IDENTITY = "-";
				COPY_PHASE_STRIP = NO;
				DEBUG_INFORMATION_FORMAT = "dwarf-with-dsym";
				ENABLE_NS_ASSERTIONS = NO;
				ENABLE_STRICT_OBJC_MSGSEND = YES;
				GCC_C_LANGUAGE_STANDARD = gnu11;
				GCC_NO_COMMON_BLOCKS = YES;
				GCC_WARN_64_TO_32_BIT_CONVERSION = YES;
				GCC_WARN_ABOUT_RETURN_TYPE = YES_ERROR;
				GCC_WARN_UNDECLARED_SELECTOR = YES;
				GCC_WARN_UNINITIALIZED_AUTOS = YES_AGGRESSIVE;
				GCC_WARN_UNUSED_FUNCTION = YES;
				GCC_WARN_UNUSED_VARIABLE = YES;
				MACOSX_DEPLOYMENT_TARGET = 10.13;
				MTL_ENABLE_DEBUG_INFO = NO;
				SDKROOT = macosx;
			};
			name = Release;
		};
		546DD41120F0626E006DACB8 /* Debug */ = {
			isa = XCBuildConfiguration;
			buildSettings = {
				CODE_SIGN_STYLE = Automatic;
				COMBINE_HIDPI_IMAGES = YES;
				CONFIGURATION_BUILD_DIR = Products;
				GCC_PREPROCESSOR_DEFINITIONS = (
					"NOGUI=1",
					"OPENSSL_IS_BORINGSSL=1",
					"WEBRTC_POSIX=1",
					"WEBRTC_MAC=1",
				);
				HEADER_SEARCH_PATHS = "$(HOME)/Documents/gn/webrtc/src/";
				INFOPLIST_FILE = UnityWebrtcPlugin/Info.plist;
				INSTALL_PATH = "$(LOCAL_LIBRARY_DIR)/Bundles";
				LIBRARY_SEARCH_PATHS = (
					"$(inherited)",
					"$(PROJECT_DIR)",
				);
				PRODUCT_BUNDLE_IDENTIFIER = com.ttProject.UnityWebrtcPlugin;
				PRODUCT_NAME = "$(TARGET_NAME)";
				SKIP_INSTALL = YES;
				WRAPPER_EXTENSION = bundle;
			};
			name = Debug;
		};
		546DD41220F0626E006DACB8 /* Release */ = {
			isa = XCBuildConfiguration;
			buildSettings = {
				CODE_SIGN_STYLE = Automatic;
				COMBINE_HIDPI_IMAGES = YES;
				CONFIGURATION_BUILD_DIR = Products;
				GCC_PREPROCESSOR_DEFINITIONS = (
					"NOGUI=1",
					"OPENSSL_IS_BORINGSSL=1",
					"WEBRTC_POSIX=1",
					"WEBRTC_MAC=1",
				);
				HEADER_SEARCH_PATHS = "$(HOME)/Documents/gn/webrtc/src/";
				INFOPLIST_FILE = UnityWebrtcPlugin/Info.plist;
				INSTALL_PATH = "$(LOCAL_LIBRARY_DIR)/Bundles";
				LIBRARY_SEARCH_PATHS = (
					"$(inherited)",
					"$(PROJECT_DIR)",
				);
				PRODUCT_BUNDLE_IDENTIFIER = com.ttProject.UnityWebrtcPlugin;
				PRODUCT_NAME = "$(TARGET_NAME)";
				SKIP_INSTALL = YES;
				WRAPPER_EXTENSION = bundle;
			};
			name = Release;
		};
/* End XCBuildConfiguration section */

/* Begin XCConfigurationList section */
		546DD40520F0626E006DACB8 /* Build configuration list for PBXProject "UnityWebrtcPlugin" */ = {
			isa = XCConfigurationList;
			buildConfigurations = (
				546DD40E20F0626E006DACB8 /* Debug */,
				546DD40F20F0626E006DACB8 /* Release */,
			);
			defaultConfigurationIsVisible = 0;
			defaultConfigurationName = Release;
		};
		546DD41020F0626E006DACB8 /* Build configuration list for PBXNativeTarget "UnityWebrtcPlugin" */ = {
			isa = XCConfigurationList;
			buildConfigurations = (
				546DD41120F0626E006DACB8 /* Debug */,
				546DD41220F0626E006DACB8 /* Release */,
			);
			defaultConfigurationIsVisible = 0;
			defaultConfigurationName = Release;
		};
/* End XCConfigurationList section */
	};
	rootObject = 546DD40220F0626E006DACB8 /* Project object */;
}
